
Microsoft Visual Studio Solution File, Format Version 12.00
# Visual Studio Version 17
VisualStudioVersion = 17.11.35303.130
MinimumVisualStudioVersion = 10.0.40219.1
Project("{2150E333-8FDC-42A3-9474-1A3956D46DE8}") = "Task0", "Task0", "{C4BB393F-FF77-47E8-A62E-5BC48743E470}"
EndProject
Project("{FAE04EC0-301F-11D3-BF4B-00C04F79EFBC}") = "Tyuiu.StepanyukMV.Sprint3.Task0.V19", "Tyuiu.StepanyukMV.Sprint3.Task0.V19\Tyuiu.StepanyukMV.Sprint3.Task0.V19.csproj", "{A8E15B74-CCE4-4B86-84AC-628B79448C8E}"
EndProject
Project("{FAE04EC0-301F-11D3-BF4B-00C04F79EFBC}") = "Tyuiu.StepanyukMV.Sprint3.Task0.V19.Lib", "Tyuiu.StepanyukMV.Sprint3.Task0.V19.Lib\Tyuiu.StepanyukMV.Sprint3.Task0.V19.Lib.csproj", "{74C2E30D-60E7-4924-9B29-6B74C7E5FCBF}"
EndProject
Project("{FAE04EC0-301F-11D3-BF4B-00C04F79EFBC}") = "Tyuiu.StepanyukMV.Sprint3.Task0.V19.Test", "Tyuiu.StepanyukMV.Sprint3.Task0.V19.Test\Tyuiu.StepanyukMV.Sprint3.Task0.V19.Test.csproj", "{C65C3827-D364-44F5-AB6A-6555806E7A98}"
EndProject
Global
	GlobalSection(SolutionConfigurationPlatforms) = preSolution
		Debug|Any CPU = Debug|Any CPU
		Release|Any CPU = Release|Any CPU
	EndGlobalSection
	GlobalSection(ProjectConfigurationPlatforms) = postSolution
		{A8E15B74-CCE4-4B86-84AC-628B79448C8E}.Debug|Any CPU.ActiveCfg = Debug|Any CPU
		{A8E15B74-CCE4-4B86-84AC-628B79448C8E}.Debug|Any CPU.Build.0 = Debug|Any CPU
		{A8E15B74-CCE4-4B86-84AC-628B79448C8E}.Release|Any CPU.ActiveCfg = Release|Any CPU
		{A8E15B74-CCE4-4B86-84AC-628B79448C8E}.Release|Any CPU.Build.0 = Release|Any CPU
		{74C2E30D-60E7-4924-9B29-6B74C7E5FCBF}.Debug|Any CPU.ActiveCfg = Debug|Any CPU
		{74C2E30D-60E7-4924-9B29-6B74C7E5FCBF}.Debug|Any CPU.Build.0 = Debug|Any CPU
		{74C2E30D-60E7-4924-9B29-6B74C7E5FCBF}.Release|Any CPU.ActiveCfg = Release|Any CPU
		{74C2E30D-60E7-4924-9B29-6B74C7E5FCBF}.Release|Any CPU.Build.0 = Release|Any CPU
		{C65C3827-D364-44F5-AB6A-6555806E7A98}.Debug|Any CPU.ActiveCfg = Debug|Any CPU
		{C65C3827-D364-44F5-AB6A-6555806E7A98}.Debug|Any CPU.Build.0 = Debug|Any CPU
		{C65C3827-D364-44F5-AB6A-6555806E7A98}.Release|Any CPU.ActiveCfg = Release|Any CPU
		{C65C3827-D364-44F5-AB6A-6555806E7A98}.Release|Any CPU.Build.0 = Release|Any CPU
	EndGlobalSection
	GlobalSection(SolutionProperties) = preSolution
		HideSolutionNode = FALSE
	EndGlobalSection
	GlobalSection(NestedProjects) = preSolution
		{A8E15B74-CCE4-4B86-84AC-628B79448C8E} = {C4BB393F-FF77-47E8-A62E-5BC48743E470}
		{74C2E30D-60E7-4924-9B29-6B74C7E5FCBF} = {C4BB393F-FF77-47E8-A62E-5BC48743E470}
		{C65C3827-D364-44F5-AB6A-6555806E7A98} = {C4BB393F-FF77-47E8-A62E-5BC48743E470}
	EndGlobalSection
	GlobalSection(ExtensibilityGlobals) = postSolution
		SolutionGuid = {6A21774D-467B-4398-8913-55E550FC8FB9}
	EndGlobalSection
EndGlobal
